
Microsoft Visual Studio Solution File, Format Version 12.00
# Visual Studio Version 16
VisualStudioVersion = 16.0.33130.400
MinimumVisualStudioVersion = 10.0.40219.1
Project("{FAE04EC0-301F-11D3-BF4B-00C04F79EFBC}") = "ISIT324_Union", "ISIT324_Union\ISIT324_Union.csproj", "{395FC0DC-BD9A-4DBD-BADD-C6C5CAA743E8}"
EndProject
Global
	GlobalSection(SolutionConfigurationPlatforms) = preSolution
		Debug|Any CPU = Debug|Any CPU
		Release|Any CPU = Release|Any CPU
	EndGlobalSection
	GlobalSection(ProjectConfigurationPlatforms) = postSolution
		{395FC0DC-BD9A-4DBD-BADD-C6C5CAA743E8}.Debug|Any CPU.ActiveCfg = Debug|Any CPU
		{395FC0DC-BD9A-4DBD-BADD-C6C5CAA743E8}.Debug|Any CPU.Build.0 = Debug|Any CPU
		{395FC0DC-BD9A-4DBD-BADD-C6C5CAA743E8}.Release|Any CPU.ActiveCfg = Release|Any CPU
		{395FC0DC-BD9A-4DBD-BADD-C6C5CAA743E8}.Release|Any CPU.Build.0 = Release|Any CPU
	EndGlobalSection
	GlobalSection(SolutionProperties) = preSolution
		HideSolutionNode = FALSE
	EndGlobalSection
	GlobalSection(ExtensibilityGlobals) = postSolution
		SolutionGuid = {CD2473BF-5E05-47E2-A5D0-7BEB1661DFEE}
	EndGlobalSection
EndGlobal
